
Microsoft Visual Studio Solution File, Format Version 12.00
# Visual Studio 15
VisualStudioVersion = 15.0.27130.2027
MinimumVisualStudioVersion = 10.0.40219.1
Project("{FAE04EC0-301F-11D3-BF4B-00C04F79EFBC}") = "Assignment3", "Assignment3\Assignment3.csproj", "{8D1C2411-9A91-45F5-8FFE-8CDE8FEAD484}"
EndProject
Global
	GlobalSection(SolutionConfigurationPlatforms) = preSolution
		Debug|Any CPU = Debug|Any CPU
		Release|Any CPU = Release|Any CPU
	EndGlobalSection
	GlobalSection(ProjectConfigurationPlatforms) = postSolution
		{8D1C2411-9A91-45F5-8FFE-8CDE8FEAD484}.Debug|Any CPU.ActiveCfg = Debug|Any CPU
		{8D1C2411-9A91-45F5-8FFE-8CDE8FEAD484}.Debug|Any CPU.Build.0 = Debug|Any CPU
		{8D1C2411-9A91-45F5-8FFE-8CDE8FEAD484}.Release|Any CPU.ActiveCfg = Release|Any CPU
		{8D1C2411-9A91-45F5-8FFE-8CDE8FEAD484}.Release|Any CPU.Build.0 = Release|Any CPU
	EndGlobalSection
	GlobalSection(SolutionProperties) = preSolution
		HideSolutionNode = FALSE
	EndGlobalSection
	GlobalSection(ExtensibilityGlobals) = postSolution
		SolutionGuid = {DB4A91D7-D4D3-4C07-9D51-8C2408A4F871}
	EndGlobalSection
EndGlobal
